# This file is automatically @generated by Cargo.
# It is not intended for manual editing.
version = 3

[[package]]
name = "coz"
version = "0.1.3"
source = "registry+https://github.com/rust-lang/crates.io-index"
checksum = "cef55b3fe2f5477d59e12bc792e8b3c95a25bd099eadcfae006ecea136de76e2"
dependencies = [
 "libc",
 "once_cell",
]

[[package]]
name = "libc"
version = "0.2.131"
source = "registry+https://github.com/rust-lang/crates.io-index"
checksum = "04c3b4822ccebfa39c02fc03d1534441b22ead323fa0f48bb7ddd8e6ba076a40"

[[package]]
name = "once_cell"
version = "1.13.0"
source = "registry+https://github.com/rust-lang/crates.io-index"
checksum = "18a6dbe30758c9f83eb00cbea4ac95966305f5a7772f3f42ebfc7fc7eddbd8e1"

[[package]]
name = "toy-rs"
version = "0.1.0"
dependencies = [
 "coz",
]
