{
  "name": "coz",
  "version": "1.0.0",
  "lockfileVersion": 1,
  "requires": true,
  "dependencies": {
    "@types/bootstrap": {
      "version": "3.3.40",
      "resolved": "https://registry.npmjs.org/@types/bootstrap/-/bootstrap-3.3.40.tgz",
      "integrity": "sha512-TNjl8YuYPxLnQxIN6MRLb7KFK9gWZu2NvcOTh6YjYvdsZK13rs+gO0LisnNguT0AyXZ0XqfFzpj/8s0/SOMEIw==",
      "dev": true,
      "requires": {
        "@types/jquery": "*"
      }
    },
    "@types/d3": {
      "version": "3.5.41",
      "resolved": "https://registry.npmjs.org/@types/d3/-/d3-3.5.41.tgz",
      "integrity": "sha512-dInnr7nSPsofnLggOf70xvsInUjf3tRrE8XmxsioXALWQHkwEWi7RhTBCa9mYmiUDHMtuanSDN/JOW187ChIhw==",
      "dev": true
    },
    "@types/jquery": {
      "version": "2.0.51",
      "resolved": "https://registry.npmjs.org/@types/jquery/-/jquery-2.0.51.tgz",
      "integrity": "sha512-+vtCjz+pzr5KkaX/GMnVF0YtQqkm+oVcdBH0Q7zCxdwk42c71xJ9hT1b6Mbn4Kf7CAxSHvkWF1LRdpYwUM+pcg==",
      "dev": true
    },
    "typescript": {
      "version": "2.9.2",
      "resolved": "https://registry.npmjs.org/typescript/-/typescript-2.9.2.tgz",
      "integrity": "sha512-Gr4p6nFNaoufRIY4NMdpQRNmgxVIGMs4Fcu/ujdYk3nAZqk7supzBE9idmvfZIlH/Cuj//dvi+019qEue9lV0w==",
      "dev": true
    }
  }
}
